{
    "_meta": {
        "hash": {
            "sha256": "4321d59074bebcafeed6be53011cde4ccadc8a76af008c619713544c79a47ca0"
        },
        "pipfile-spec": 6,
        "requires": {
            "python_version": "3.13"
        },
        "sources": [
            {
                "name": "pypi",
                "url": "https://pypi.org/simple",
                "verify_ssl": true
            }
        ]
    },
    "default": {
        "boto3": {
            "hashes": [
                "sha256:3bb46661dc33121e56e3706753069d18f8dbcb644599cf098206546338602e16",
                "sha256:e3eddb6346ee23c895dd98e5c2cfc72cb5e5ed111aa6d4331f9e903a3e3bf4ee"
            ],
            "index": "pypi",
            "markers": "python_version >= '3.10'",
            "version": "==1.43.71"
        },
        "botocore": {
            "hashes": [
                "sha256:2cde7a55aaac86a2e9a3bcd2ce3fad1a31a4711749e10f350af231e55ccef7ed",
                "sha256:7bc3d5ddaca6f68e2eef707714264789048a6f496d375d976c560674f0cd1d1b"
            ],
            "markers": "python_version >= '3.10'",
            "version": "==1.43.71"
        },
        "jmespath": {
            "hashes": [
                "sha256:472c87d80f36026ae83c6ddd0f1d05d4e510134ed462851fd5f754c8c3cbb88d",
                "sha256:a5663118de4908c91729bea0acadca56526eb2698e83de10cd116ae0f4e97c64"
            ],
            "markers": "python_version >= '3.9'",
            "version": "==1.1.0"
        },
        "packaging": {
            "hashes": [
                "sha256:94edc256424af38762eb31306eed28beb9f0efc50a8837492c9d6fd6004aed79",
                "sha256:d7193f7c8e4e93f444fde0262bf90af30e16fa0ad0ad44cb553c87339b23cd1c"
            ],
            "markers": "python_version >= '3.9'",
            "version": "==26.3"
        },
        "python-dateutil": {
            "hashes": [
                "sha256:37dd54208da7e1cd875388217d5e00ebd4179249f90fb72437e91a35459a0ad3",
                "sha256:a8b2bc7bffae282281c8140a97d3aa9c14da0b136dfe83f850eea9a5f7470427"
            ],
            "markers": "python_version >= '2.7' and python_version not in '3.0, 3.1, 3.2'",
            "version": "==2.9.0.post0"
        },
        "s3transfer": {
            "hashes": [
                "sha256:ba0309fd86be3c27dbf78cdd813c13c5e1df16e5874b99d2535ebbdfb9892993",
                "sha256:d8168eccca828cbb2cd573675333f3bddd254313a9c42494b84c76b539e8ba25"
            ],
            "markers": "python_version >= '3.10'",
            "version": "==0.19.2"
        },
        "setuptools": {
            "hashes": [
                "sha256:51a52592b3b99e102b609654876bd65f19f999935166d1352678931132b0c670",
                "sha256:f4695c21257f0d9b537ec2692c941d02ee143b7cc1276941349a546573b2ef73"
            ],
            "index": "pypi",
            "markers": "python_version >= '3.10'",
            "version": "==84.0.0"
        },
        "six": {
            "hashes": [
                "sha256:4721f391ed90541fddacab5acf947aa0d3dc7d27b2e1e8eda2be8970586c3274",
                "sha256:ff70335d468e7eb6ec65b95b99d3a2836546063f63acc5171de367e834932a81"
            ],
            "markers": "python_version >= '2.7' and python_version not in '3.0, 3.1, 3.2'",
            "version": "==1.17.0"
        },
        "slack-sdk": {
            "hashes": [
                "sha256:0553152e46c4259eb69f7464cdadc35ba4802ca10f9f5a849c92cf03d6c2ba07",
                "sha256:4b6557c65577fc172f685af218b811f9f3b4909e24cddd839ada09565f10c585"
            ],
            "index": "pypi",
            "markers": "python_version >= '3.7'",
            "version": "==3.43.0"
        },
        "src": {
            "editable": true,
            "path": "./src"
        },
        "urllib3": {
            "hashes": [
                "sha256:231e0ec3b63ceb14667c67be60f2f2c40a518cb38b03af60abc813da26505f4c",
                "sha256:9fb4c81ebbb1ce9531cce37674bbc6f1360472bc18ca9a553ede278ef7276897"
            ],
            "markers": "python_version >= '3.10'",
            "version": "==2.7.0"
        },
        "wheel": {
            "hashes": [
                "sha256:3217dcc807155e45db462d7ef2431f5ddda0d7273b700d05a67b271ceb1287ab",
                "sha256:94800765601e9171bf5d58d066e640662842bcedcbab982b2c90787a2c987322"
            ],
            "index": "pypi",
            "markers": "python_version >= '3.9'",
            "version": "==0.48.0"
        }
    }
}
