{
    "_meta": {
        "hash": {
            "sha256": "4eee3c6f2879e32d4f691d5bcd531e420cbd416112c180e01fbb7f5f8b2bcace"
        },
        "pipfile-spec": 6,
        "requires": {
            "python_version": "3.9"
        },
        "sources": [
            {
                "name": "pypi",
                "url": "https://pypi.org/simple",
                "verify_ssl": true
            }
        ]
    },
    "default": {
        "boto3": {
            "hashes": [
                "sha256:b95b0cc39f08402029c3a2bb141e1775cfa46576ebe9f9916f79bde90e27f53f",
                "sha256:dc2da9aff7de359774030a243a09b74568664117e2afb77c6e4b90572ae3a6c3"
            ],
            "index": "pypi",
            "version": "==1.28.53"
        },
        "botocore": {
            "hashes": [
                "sha256:905580ea724d74f11652bab63fcec6bf0d32f1cf8b2963f7388efc0ea406b69b",
                "sha256:aa647f94039d21de97c969df21ce8c5186b68234eb5c53148f0d8bbd708e375d"
            ],
            "markers": "python_version >= '3.7'",
            "version": "==1.31.53"
        },
        "jmespath": {
            "hashes": [
                "sha256:02e2e4cc71b5bcab88332eebf907519190dd9e6e82107fa7f83b1003a6252980",
                "sha256:90261b206d6defd58fdd5e85f478bf633a2901798906be2ad389150c5c60edbe"
            ],
            "markers": "python_version >= '3.7'",
            "version": "==1.0.1"
        },
        "python-dateutil": {
            "hashes": [
                "sha256:0123cacc1627ae19ddf3c27a5de5bd67ee4586fbdd6440d9748f8abb483d3e86",
                "sha256:961d03dc3453ebbc59dbdea9e4e11c5651520a876d0f4db161e8674aae935da9"
            ],
            "markers": "python_version >= '2.7' and python_version not in '3.0, 3.1, 3.2, 3.3'",
            "version": "==2.8.2"
        },
        "s3transfer": {
            "hashes": [
                "sha256:b014be3a8a2aab98cfe1abc7229cc5a9a0cf05eb9c1f2b86b230fd8df3f78084",
                "sha256:cab66d3380cca3e70939ef2255d01cd8aece6a4907a9528740f668c4b0611861"
            ],
            "markers": "python_version >= '3.7'",
            "version": "==0.6.2"
        },
        "six": {
            "hashes": [
                "sha256:1e61c37477a1626458e36f7b1d82aa5c9b094fa4802892072e49de9c60c4c926",
                "sha256:8abb2f1d86890a2dfb989f9a77cfcfd3e47c2a354b01111771326f8aa26e0254"
            ],
            "markers": "python_version >= '2.7' and python_version not in '3.0, 3.1, 3.2, 3.3'",
            "version": "==1.16.0"
        },
        "slack-sdk": {
            "hashes": [
                "sha256:6eacce0fa4f8cfb4d84eac0d7d7e1b1926040a2df654ae86b94179bdf2bc4d8c",
                "sha256:f102a4902115dff3b97c3e8883ad4e22d54732221886fc5ef29bfc290f063b4a"
            ],
            "index": "pypi",
            "version": "==3.22.0"
        },
        "src": {
            "editable": true,
            "path": "./src"
        },
        "urllib3": {
            "hashes": [
                "sha256:8d36afa7616d8ab714608411b4a3b13e58f463aee519024578e062e141dce20f",
                "sha256:8f135f6502756bde6b2a9b28989df5fbe87c9970cecaa69041edcce7f0589b14"
            ],
            "markers": "python_version >= '2.7' and python_version not in '3.0, 3.1, 3.2, 3.3, 3.4, 3.5'",
            "version": "==1.26.16"
        }
    },
    "develop": {}
}
