{
    "_meta": {
        "hash": {
            "sha256": "201e968894aa116fb8ae7b7dd8b3dc0cca2e2b46994a80424de0f3b1e177c445"
        },
        "pipfile-spec": 6,
        "requires": {
            "python_version": "3.11"
        },
        "sources": [
            {
                "name": "pypi",
                "url": "https://pypi.org/simple",
                "verify_ssl": true
            }
        ]
    },
    "default": {
        "boto3": {
            "hashes": [
                "sha256:0c1c1d19232018ac49fd2c0a94aa0b802f5d222e89448ff50734626bce454b32",
                "sha256:af1ce129f462cdc8dfb1a1c559d7ed725e51344fb0ae4a56d9453196bf416555"
            ],
            "index": "pypi",
            "version": "==1.28.22"
        },
        "botocore": {
            "hashes": [
                "sha256:b91025ca1a16b13ae662bdb46e7c16d2c53619df23bf3583a43791519da14870",
                "sha256:d193ab0742ddc4af3a3994af4ec993acf5ac75460f298880fe869765e7bc578d"
            ],
            "markers": "python_version >= '3.7'",
            "version": "==1.31.22"
        },
        "jmespath": {
            "hashes": [
                "sha256:02e2e4cc71b5bcab88332eebf907519190dd9e6e82107fa7f83b1003a6252980",
                "sha256:90261b206d6defd58fdd5e85f478bf633a2901798906be2ad389150c5c60edbe"
            ],
            "markers": "python_version >= '3.7'",
            "version": "==1.0.1"
        },
        "python-dateutil": {
            "hashes": [
                "sha256:0123cacc1627ae19ddf3c27a5de5bd67ee4586fbdd6440d9748f8abb483d3e86",
                "sha256:961d03dc3453ebbc59dbdea9e4e11c5651520a876d0f4db161e8674aae935da9"
            ],
            "markers": "python_version >= '2.7' and python_version not in '3.0, 3.1, 3.2'",
            "version": "==2.8.2"
        },
        "s3transfer": {
            "hashes": [
                "sha256:3c0da2d074bf35d6870ef157158641178a4204a6e689e82546083e31e0311346",
                "sha256:640bb492711f4c0c0905e1f62b6aaeb771881935ad27884852411f8e9cacbca9"
            ],
            "markers": "python_version >= '3.7'",
            "version": "==0.6.1"
        },
        "six": {
            "hashes": [
                "sha256:1e61c37477a1626458e36f7b1d82aa5c9b094fa4802892072e49de9c60c4c926",
                "sha256:8abb2f1d86890a2dfb989f9a77cfcfd3e47c2a354b01111771326f8aa26e0254"
            ],
            "markers": "python_version >= '2.7' and python_version not in '3.0, 3.1, 3.2'",
            "version": "==1.16.0"
        },
        "slack-sdk": {
            "hashes": [
                "sha256:20829bdc1a423ec93dac903470975ebf3bc76fd3fd91a4dadc0eeffc940ecb0c",
                "sha256:de3c07b92479940b61cd68c566f49fbc9974c8f38f661d26244078f3903bb9cc"
            ],
            "index": "pypi",
            "version": "==3.21.3"
        },
        "src": {
            "editable": true,
            "path": "./src"
        },
        "urllib3": {
            "hashes": [
                "sha256:8d36afa7616d8ab714608411b4a3b13e58f463aee519024578e062e141dce20f",
                "sha256:8f135f6502756bde6b2a9b28989df5fbe87c9970cecaa69041edcce7f0589b14"
            ],
            "markers": "python_version >= '2.7' and python_version not in '3.0, 3.1, 3.2, 3.3, 3.4, 3.5'",
            "version": "==1.26.16"
        }
    },
    "develop": {}
}
