{
    "_meta": {
        "hash": {
            "sha256": "35e934cb3ca23e3d59f6f6e5d1127bc4464c1836e540fba3ab3a4d78fd4a2311"
        },
        "pipfile-spec": 6,
        "requires": {
            "python_version": "3.12"
        },
        "sources": [
            {
                "name": "pypi",
                "url": "https://pypi.org/simple",
                "verify_ssl": true
            }
        ]
    },
    "default": {
        "src": {
            "editable": true,
            "path": "./src"
        }
    },
    "develop": {}
}
