{
    "_meta": {
        "hash": {
            "sha256": "12cde327df8df253d43b8572ce46e30344edf32e6cb7233856dddce7db22c78a"
        },
        "pipfile-spec": 6,
        "requires": {
            "python_version": "3.10"
        },
        "sources": [
            {
                "name": "pypi",
                "url": "https://pypi.org/simple",
                "verify_ssl": true
            }
        ]
    },
    "default": {
        "src": {
            "editable": true,
            "path": "./src"
        }
    },
    "develop": {}
}
